
Microsoft Visual Studio Solution File, Format Version 12.00
# Visual Studio Version 16
VisualStudioVersion = 16.0.32413.511
MinimumVisualStudioVersion = 10.0.40219.1
Project("{FAE04EC0-301F-11D3-BF4B-00C04F79EFBC}") = "Summator", "Summator\Summator.csproj", "{B2934B51-E0F7-4481-A26F-45F8F803412C}"
EndProject
Project("{FAE04EC0-301F-11D3-BF4B-00C04F79EFBC}") = "Summator.Tests", "Summator.Tests\Summator.Tests.csproj", "{528A34F3-452A-4D98-A203-DCAA5565E664}"
EndProject
Project("{FAE04EC0-301F-11D3-BF4B-00C04F79EFBC}") = "Summator-Test-Custom", "Summator-Test-Custom\Summator-Test-Custom.csproj", "{97E5916B-8335-4574-96F1-0483AAECE09F}"
EndProject
Global
	GlobalSection(SolutionConfigurationPlatforms) = preSolution
		Debug|Any CPU = Debug|Any CPU
		Release|Any CPU = Release|Any CPU
	EndGlobalSection
	GlobalSection(ProjectConfigurationPlatforms) = postSolution
		{B2934B51-E0F7-4481-A26F-45F8F803412C}.Debug|Any CPU.ActiveCfg = Debug|Any CPU
		{B2934B51-E0F7-4481-A26F-45F8F803412C}.Debug|Any CPU.Build.0 = Debug|Any CPU
		{B2934B51-E0F7-4481-A26F-45F8F803412C}.Release|Any CPU.ActiveCfg = Release|Any CPU
		{B2934B51-E0F7-4481-A26F-45F8F803412C}.Release|Any CPU.Build.0 = Release|Any CPU
		{528A34F3-452A-4D98-A203-DCAA5565E664}.Debug|Any CPU.ActiveCfg = Debug|Any CPU
		{528A34F3-452A-4D98-A203-DCAA5565E664}.Debug|Any CPU.Build.0 = Debug|Any CPU
		{528A34F3-452A-4D98-A203-DCAA5565E664}.Release|Any CPU.ActiveCfg = Release|Any CPU
		{528A34F3-452A-4D98-A203-DCAA5565E664}.Release|Any CPU.Build.0 = Release|Any CPU
		{97E5916B-8335-4574-96F1-0483AAECE09F}.Debug|Any CPU.ActiveCfg = Debug|Any CPU
		{97E5916B-8335-4574-96F1-0483AAECE09F}.Debug|Any CPU.Build.0 = Debug|Any CPU
		{97E5916B-8335-4574-96F1-0483AAECE09F}.Release|Any CPU.ActiveCfg = Release|Any CPU
		{97E5916B-8335-4574-96F1-0483AAECE09F}.Release|Any CPU.Build.0 = Release|Any CPU
	EndGlobalSection
	GlobalSection(SolutionProperties) = preSolution
		HideSolutionNode = FALSE
	EndGlobalSection
	GlobalSection(ExtensibilityGlobals) = postSolution
		SolutionGuid = {6DDB6755-3673-44A8-883B-C13880FA964D}
	EndGlobalSection
EndGlobal
